PODS:
  - AFNetworking (3.2.1):
    - AFNetworking/NSURLSession (= 3.2.1)
    - AFNetworking/Reachability (= 3.2.1)
    - AFNetworking/Security (= 3.2.1)
    - AFNetworking/Serialization (= 3.2.1)
    - AFNetworking/UIKit (= 3.2.1)
  - AFNetworking/NSURLSession (3.2.1):
    - AFNetworking/Reachability
    - AFNetworking/Security
    - AFNetworking/Serialization
  - AFNetworking/Reachability (3.2.1)
  - AFNetworking/Security (3.2.1)
  - AFNetworking/Serialization (3.2.1)
  - AFNetworking/UIKit (3.2.1):
    - AFNetworking/NSURLSession
  - DZNEmptyDataSet (1.8.1)
  - IQKeyboardManager (6.5.0)
  - Masonry (1.1.0)
  - MBProgressHUD (1.1.0)
  - MJRefresh (3.2.0)
  - ReactiveObjC (3.1.1)
  - SDCycleScrollView (1.80):
    - SDWebImage (>= 5.0.0)
  - SDWebImage (5.2.3):
    - SDWebImage/Core (= 5.2.3)
  - SDWebImage/Core (5.2.3)
  - SQLCipher (4.2.0):
    - SQLCipher/standard (= 4.2.0)
  - SQLCipher/common (4.2.0)
  - SQLCipher/standard (4.2.0):
    - SQLCipher/common
  - UMCCommon (2.1.1)
  - UMCCommonLog (1.0.0)
  - UMCShare/Core (6.9.6):
    - UMCCommon
  - UMCShare/Social/ReducedWeChat (6.9.6):
    - UMCCommon
    - UMCShare/Core
  - UMCShare/UI (6.9.6):
    - UMCCommon
    - UMCShare/Core
  - WHC_ModelSqliteKit/SQLCipher (1.3.0):
    - SQLCipher
  - XMNetworking (1.1.0):
    - AFNetworking (~> 3.0)
  - YYCategories (1.0.4):
    - YYCategories/no-arc (= 1.0.4)
  - YYCategories/no-arc (1.0.4)
  - YYModel (1.0.4)

DEPENDENCIES:
  - DZNEmptyDataSet
  - IQKeyboardManager
  - Masonry
  - MBProgressHUD
  - MJRefresh
  - ReactiveObjC
  - SDCycleScrollView
  - SDWebImage
  - UMCCommonLog
  - UMCShare/Social/ReducedWeChat
  - UMCShare/UI
  - WHC_ModelSqliteKit/SQLCipher
  - XMNetworking
  - YYCategories
  - YYModel

SPEC REPOS:
  trunk:
    - AFNetworking
    - DZNEmptyDataSet
    - IQKeyboardManager
    - Masonry
    - MBProgressHUD
    - MJRefresh
    - ReactiveObjC
    - SDCycleScrollView
    - SDWebImage
    - SQLCipher
    - UMCCommon
    - UMCCommonLog
    - UMCShare
    - WHC_ModelSqliteKit
    - XMNetworking
    - YYCategories
    - YYModel

SPEC CHECKSUMS:
  AFNetworking: b6f891fdfaed196b46c7a83cf209e09697b94057
  DZNEmptyDataSet: 9525833b9e68ac21c30253e1d3d7076cc828eaa7
  IQKeyboardManager: 700e5155d6a292383b54e8678aec769e14fc78fc
  Masonry: 678fab65091a9290e40e2832a55e7ab731aad201
  MBProgressHUD: e7baa36a220447d8aeb12769bf0585582f3866d9
  MJRefresh: ed450d6eb9d3346a2cb033ab7eb6de090aeef437
  ReactiveObjC: 011caa393aa0383245f2dcf9bf02e86b80b36040
  SDCycleScrollView: b3c9a5ed840c771c4938978174c7c9d9feefeb96
  SDWebImage: 46a7f73228f84ce80990c786e4372cf4db5875ce
  SQLCipher: 0187a2180ac288ea686b670b7141da62cd013b16
  UMCCommon: 971f324a5a99c9d662ae040a815e7e3d7ef8b2a8
  UMCCommonLog: 05a2d5de21858e3d870551562cff405c1366d244
  UMCShare: e0cef55c0fd6051254c8cda1d0630eb578b27bad
  WHC_ModelSqliteKit: dfafef3ee872dedd9823395291fc80bf37eac46d
  XMNetworking: 7160cc06f504f325eec515a1e687ee1aa89bc462
  YYCategories: 6bcd4314c6661a561410dce4a793379ebd306abd
  YYModel: 2a7fdd96aaa4b86a824e26d0c517de8928c04b30

PODFILE CHECKSUM: 24b4b44774f55f1d72399facba1a44517e781a51

COCOAPODS: 1.8.3
