// !$*UTF8*$!
{
	archiveVersion = 1;
	classes = {
	};
	objectVersion = 50;
	objects = {

/* Begin PBXBuildFile section */
		858C2F6CB0441E0A3D94A634 /* libPods-DemoUITests.a in Frameworks */ = {isa = PBXBuildFile; fileRef = 264B77ADE68348B2C855AF64 /* libPods-DemoUITests.a */; };
		99939DB7D151EC3300B0A461 /* libPods-DemoTests.a in Frameworks */ = {isa = PBXBuildFile; fileRef = 2ED1BAEDF2886192D13B45B3 /* libPods-DemoTests.a */; };
		B4336792474B962A8AC73C8F /* libPods-Demo.a in Frameworks */ = {isa = PBXBuildFile; fileRef = 0F72AC30BACBA61EBF1327EB /* libPods-Demo.a */; };
		DA41B21C220449960000C35B /* WHStartApp.m in Sources */ = {isa = PBXBuildFile; fileRef = DA41B21B220449960000C35B /* WHStartApp.m */; };
		DA41B21F22044A8C0000C35B /* WHThirdService.m in Sources */ = {isa = PBXBuildFile; fileRef = DA41B21E22044A8C0000C35B /* WHThirdService.m */; };
		DA41B22122044AFF0000C35B /* Default-568h@2x.png in Resources */ = {isa = PBXBuildFile; fileRef = DA41B22022044AFF0000C35B /* Default-568h@2x.png */; };
		DA41B22422044D940000C35B /* WHTabBarViewController.m in Sources */ = {isa = PBXBuildFile; fileRef = DA41B22322044D940000C35B /* WHTabBarViewController.m */; };
		DA41B22722044DB10000C35B /* WHNavigationViewController.m in Sources */ = {isa = PBXBuildFile; fileRef = DA41B22622044DB10000C35B /* WHNavigationViewController.m */; };
		DA41B22A22044DD60000C35B /* WHBaseViewController.m in Sources */ = {isa = PBXBuildFile; fileRef = DA41B22922044DD60000C35B /* WHBaseViewController.m */; };
		DA41B22D22044DEA0000C35B /* WHBaseViewModel.m in Sources */ = {isa = PBXBuildFile; fileRef = DA41B22C22044DEA0000C35B /* WHBaseViewModel.m */; };
		DA41B23022044DF50000C35B /* WHBaseModel.m in Sources */ = {isa = PBXBuildFile; fileRef = DA41B22F22044DF50000C35B /* WHBaseModel.m */; };
		DA41B243220455630000C35B /* WHConstant.m in Sources */ = {isa = PBXBuildFile; fileRef = DA41B242220455630000C35B /* WHConstant.m */; };
		DA41B24B220541650000C35B /* WHBaseView.m in Sources */ = {isa = PBXBuildFile; fileRef = DA41B24A220541650000C35B /* WHBaseView.m */; };
		DA41B253220584180000C35B /* WHUser.m in Sources */ = {isa = PBXBuildFile; fileRef = DA41B252220584180000C35B /* WHUser.m */; };
		DA41B256220585E60000C35B /* WHUserManager.m in Sources */ = {isa = PBXBuildFile; fileRef = DA41B255220585E60000C35B /* WHUserManager.m */; };
		DA513A3C2223F37900484004 /* WHWebViewController.m in Sources */ = {isa = PBXBuildFile; fileRef = DA513A3B2223F37900484004 /* WHWebViewController.m */; };
		DA513C9A22268EF600484004 /* WHRefreshTool.m in Sources */ = {isa = PBXBuildFile; fileRef = DA513C9922268EF600484004 /* WHRefreshTool.m */; };
		DA58303A2211193C0044ED3B /* MBProgressHUD+Tip.m in Sources */ = {isa = PBXBuildFile; fileRef = DA5830382211193C0044ED3B /* MBProgressHUD+Tip.m */; };
		DA583042221173FD0044ED3B /* WHLoginViewModel.m in Sources */ = {isa = PBXBuildFile; fileRef = DA583041221173FD0044ED3B /* WHLoginViewModel.m */; };
		DA5830462211851A0044ED3B /* WHLoginViewController.m in Sources */ = {isa = PBXBuildFile; fileRef = DA5830442211851A0044ED3B /* WHLoginViewController.m */; };
		DA5830472211851A0044ED3B /* WHLoginViewController.xib in Resources */ = {isa = PBXBuildFile; fileRef = DA5830452211851A0044ED3B /* WHLoginViewController.xib */; };
		DA6E854D21B6141500B2EB12 /* AppDelegate.m in Sources */ = {isa = PBXBuildFile; fileRef = DA6E854C21B6141500B2EB12 /* AppDelegate.m */; };
		DA6E855021B6141500B2EB12 /* ViewController.m in Sources */ = {isa = PBXBuildFile; fileRef = DA6E854F21B6141500B2EB12 /* ViewController.m */; };
		DA6E855321B6141500B2EB12 /* Main.storyboard in Resources */ = {isa = PBXBuildFile; fileRef = DA6E855121B6141500B2EB12 /* Main.storyboard */; };
		DA6E855521B6141600B2EB12 /* Assets.xcassets in Resources */ = {isa = PBXBuildFile; fileRef = DA6E855421B6141600B2EB12 /* Assets.xcassets */; };
		DA6E855821B6141600B2EB12 /* LaunchScreen.storyboard in Resources */ = {isa = PBXBuildFile; fileRef = DA6E855621B6141600B2EB12 /* LaunchScreen.storyboard */; };
		DA6E855B21B6141600B2EB12 /* main.m in Sources */ = {isa = PBXBuildFile; fileRef = DA6E855A21B6141600B2EB12 /* main.m */; };
		DA6E856521B6141600B2EB12 /* DemoTests.m in Sources */ = {isa = PBXBuildFile; fileRef = DA6E856421B6141600B2EB12 /* DemoTests.m */; };
		DA6E857021B6141600B2EB12 /* DemoUITests.m in Sources */ = {isa = PBXBuildFile; fileRef = DA6E856F21B6141600B2EB12 /* DemoUITests.m */; };
/* End PBXBuildFile section */

/* Begin PBXContainerItemProxy section */
		DA6E856121B6141600B2EB12 /* PBXContainerItemProxy */ = {
			isa = PBXContainerItemProxy;
			containerPortal = DA6E854021B6141500B2EB12 /* Project object */;
			proxyType = 1;
			remoteGlobalIDString = DA6E854721B6141500B2EB12;
			remoteInfo = Demo;
		};
		DA6E856C21B6141600B2EB12 /* PBXContainerItemProxy */ = {
			isa = PBXContainerItemProxy;
			containerPortal = DA6E854021B6141500B2EB12 /* Project object */;
			proxyType = 1;
			remoteGlobalIDString = DA6E854721B6141500B2EB12;
			remoteInfo = Demo;
		};
/* End PBXContainerItemProxy section */

/* Begin PBXFileReference section */
		0F72AC30BACBA61EBF1327EB /* libPods-Demo.a */ = {isa = PBXFileReference; explicitFileType = archive.ar; includeInIndex = 0; path = "libPods-Demo.a"; sourceTree = BUILT_PRODUCTS_DIR; };
		23A558F6423FFBD41753DCEA /* Pods-DemoUITests.release.xcconfig */ = {isa = PBXFileReference; includeInIndex = 1; lastKnownFileType = text.xcconfig; name = "Pods-DemoUITests.release.xcconfig"; path = "Pods/Target Support Files/Pods-DemoUITests/Pods-DemoUITests.release.xcconfig"; sourceTree = "<group>"; };
		264B77ADE68348B2C855AF64 /* libPods-DemoUITests.a */ = {isa = PBXFileReference; explicitFileType = archive.ar; includeInIndex = 0; path = "libPods-DemoUITests.a"; sourceTree = BUILT_PRODUCTS_DIR; };
		2ED1BAEDF2886192D13B45B3 /* libPods-DemoTests.a */ = {isa = PBXFileReference; explicitFileType = archive.ar; includeInIndex = 0; path = "libPods-DemoTests.a"; sourceTree = BUILT_PRODUCTS_DIR; };
		35F6AFCD75754242EF405C2A /* Pods-DemoUITests.debug.xcconfig */ = {isa = PBXFileReference; includeInIndex = 1; lastKnownFileType = text.xcconfig; name = "Pods-DemoUITests.debug.xcconfig"; path = "Pods/Target Support Files/Pods-DemoUITests/Pods-DemoUITests.debug.xcconfig"; sourceTree = "<group>"; };
		3D69A1E587CF92C136FAD558 /* Pods-Demo.release.xcconfig */ = {isa = PBXFileReference; includeInIndex = 1; lastKnownFileType = text.xcconfig; name = "Pods-Demo.release.xcconfig"; path = "Pods/Target Support Files/Pods-Demo/Pods-Demo.release.xcconfig"; sourceTree = "<group>"; };
		9B45EE8694B6A93F1CECBB47 /* Pods-DemoTests.release.xcconfig */ = {isa = PBXFileReference; includeInIndex = 1; lastKnownFileType = text.xcconfig; name = "Pods-DemoTests.release.xcconfig"; path = "Pods/Target Support Files/Pods-DemoTests/Pods-DemoTests.release.xcconfig"; sourceTree = "<group>"; };
		AC3E3C5C36D75E7F55F35042 /* Pods-Demo.debug.xcconfig */ = {isa = PBXFileReference; includeInIndex = 1; lastKnownFileType = text.xcconfig; name = "Pods-Demo.debug.xcconfig"; path = "Pods/Target Support Files/Pods-Demo/Pods-Demo.debug.xcconfig"; sourceTree = "<group>"; };
		D70E15A6D8793B39328408A9 /* Pods-DemoTests.debug.xcconfig */ = {isa = PBXFileReference; includeInIndex = 1; lastKnownFileType = text.xcconfig; name = "Pods-DemoTests.debug.xcconfig"; path = "Pods/Target Support Files/Pods-DemoTests/Pods-DemoTests.debug.xcconfig"; sourceTree = "<group>"; };
		DA41B21A220449960000C35B /* WHStartApp.h */ = {isa = PBXFileReference; lastKnownFileType = sourcecode.c.h; path = WHStartApp.h; sourceTree = "<group>"; };
		DA41B21B220449960000C35B /* WHStartApp.m */ = {isa = PBXFileReference; lastKnownFileType = sourcecode.c.objc; path = WHStartApp.m; sourceTree = "<group>"; };
		DA41B21D22044A8C0000C35B /* WHThirdService.h */ = {isa = PBXFileReference; lastKnownFileType = sourcecode.c.h; path = WHThirdService.h; sourceTree = "<group>"; };
		DA41B21E22044A8C0000C35B /* WHThirdService.m */ = {isa = PBXFileReference; lastKnownFileType = sourcecode.c.objc; path = WHThirdService.m; sourceTree = "<group>"; };
		DA41B22022044AFF0000C35B /* Default-568h@2x.png */ = {isa = PBXFileReference; lastKnownFileType = image.png; path = "Default-568h@2x.png"; sourceTree = "<group>"; };
		DA41B22222044D940000C35B /* WHTabBarViewController.h */ = {isa = PBXFileReference; lastKnownFileType = sourcecode.c.h; path = WHTabBarViewController.h; sourceTree = "<group>"; };
		DA41B22322044D940000C35B /* WHTabBarViewController.m */ = {isa = PBXFileReference; lastKnownFileType = sourcecode.c.objc; path = WHTabBarViewController.m; sourceTree = "<group>"; };
		DA41B22522044DB10000C35B /* WHNavigationViewController.h */ = {isa = PBXFileReference; lastKnownFileType = sourcecode.c.h; path = WHNavigationViewController.h; sourceTree = "<group>"; };
		DA41B22622044DB10000C35B /* WHNavigationViewController.m */ = {isa = PBXFileReference; lastKnownFileType = sourcecode.c.objc; path = WHNavigationViewController.m; sourceTree = "<group>"; };
		DA41B22822044DD60000C35B /* WHBaseViewController.h */ = {isa = PBXFileReference; lastKnownFileType = sourcecode.c.h; path = WHBaseViewController.h; sourceTree = "<group>"; };
		DA41B22922044DD60000C35B /* WHBaseViewController.m */ = {isa = PBXFileReference; lastKnownFileType = sourcecode.c.objc; path = WHBaseViewController.m; sourceTree = "<group>"; };
		DA41B22B22044DEA0000C35B /* WHBaseViewModel.h */ = {isa = PBXFileReference; lastKnownFileType = sourcecode.c.h; path = WHBaseViewModel.h; sourceTree = "<group>"; };
		DA41B22C22044DEA0000C35B /* WHBaseViewModel.m */ = {isa = PBXFileReference; lastKnownFileType = sourcecode.c.objc; path = WHBaseViewModel.m; sourceTree = "<group>"; };
		DA41B22E22044DF50000C35B /* WHBaseModel.h */ = {isa = PBXFileReference; lastKnownFileType = sourcecode.c.h; path = WHBaseModel.h; sourceTree = "<group>"; };
		DA41B22F22044DF50000C35B /* WHBaseModel.m */ = {isa = PBXFileReference; lastKnownFileType = sourcecode.c.objc; path = WHBaseModel.m; sourceTree = "<group>"; };
		DA41B231220450A20000C35B /* WHViewControllerProtocol.h */ = {isa = PBXFileReference; lastKnownFileType = sourcecode.c.h; path = WHViewControllerProtocol.h; sourceTree = "<group>"; };
		DA41B23D220454200000C35B /* PrefixHeader.pch */ = {isa = PBXFileReference; lastKnownFileType = sourcecode.c.h; path = PrefixHeader.pch; sourceTree = "<group>"; };
		DA41B23E220454C50000C35B /* WHMacros.h */ = {isa = PBXFileReference; lastKnownFileType = sourcecode.c.h; path = WHMacros.h; sourceTree = "<group>"; };
		DA41B23F220455080000C35B /* WHEnum.h */ = {isa = PBXFileReference; lastKnownFileType = sourcecode.c.h; path = WHEnum.h; sourceTree = "<group>"; };
		DA41B2402204551E0000C35B /* WHColors.h */ = {isa = PBXFileReference; lastKnownFileType = sourcecode.c.h; path = WHColors.h; sourceTree = "<group>"; };
		DA41B241220455390000C35B /* WHUrls.h */ = {isa = PBXFileReference; lastKnownFileType = sourcecode.c.h; path = WHUrls.h; sourceTree = "<group>"; };
		DA41B242220455630000C35B /* WHConstant.m */ = {isa = PBXFileReference; lastKnownFileType = sourcecode.c.objc; path = WHConstant.m; sourceTree = "<group>"; };
		DA41B244220455750000C35B /* WHConstant.h */ = {isa = PBXFileReference; lastKnownFileType = sourcecode.c.h; path = WHConstant.h; sourceTree = "<group>"; };
		DA41B24822053CA70000C35B /* WHViewModelProtocol.h */ = {isa = PBXFileReference; lastKnownFileType = sourcecode.c.h; path = WHViewModelProtocol.h; sourceTree = "<group>"; };
		DA41B249220541650000C35B /* WHBaseView.h */ = {isa = PBXFileReference; lastKnownFileType = sourcecode.c.h; path = WHBaseView.h; sourceTree = "<group>"; };
		DA41B24A220541650000C35B /* WHBaseView.m */ = {isa = PBXFileReference; lastKnownFileType = sourcecode.c.objc; path = WHBaseView.m; sourceTree = "<group>"; };
		DA41B24C220541830000C35B /* WHViewProtocol.h */ = {isa = PBXFileReference; lastKnownFileType = sourcecode.c.h; path = WHViewProtocol.h; sourceTree = "<group>"; };
		DA41B251220584180000C35B /* WHUser.h */ = {isa = PBXFileReference; lastKnownFileType = sourcecode.c.h; path = WHUser.h; sourceTree = "<group>"; };
		DA41B252220584180000C35B /* WHUser.m */ = {isa = PBXFileReference; lastKnownFileType = sourcecode.c.objc; path = WHUser.m; sourceTree = "<group>"; };
		DA41B254220585E60000C35B /* WHUserManager.h */ = {isa = PBXFileReference; lastKnownFileType = sourcecode.c.h; path = WHUserManager.h; sourceTree = "<group>"; };
		DA41B255220585E60000C35B /* WHUserManager.m */ = {isa = PBXFileReference; lastKnownFileType = sourcecode.c.objc; path = WHUserManager.m; sourceTree = "<group>"; };
		DA513A3A2223F37900484004 /* WHWebViewController.h */ = {isa = PBXFileReference; lastKnownFileType = sourcecode.c.h; path = WHWebViewController.h; sourceTree = "<group>"; };
		DA513A3B2223F37900484004 /* WHWebViewController.m */ = {isa = PBXFileReference; lastKnownFileType = sourcecode.c.objc; path = WHWebViewController.m; sourceTree = "<group>"; };
		DA513C9822268EF600484004 /* WHRefreshTool.h */ = {isa = PBXFileReference; lastKnownFileType = sourcecode.c.h; path = WHRefreshTool.h; sourceTree = "<group>"; };
		DA513C9922268EF600484004 /* WHRefreshTool.m */ = {isa = PBXFileReference; lastKnownFileType = sourcecode.c.objc; path = WHRefreshTool.m; sourceTree = "<group>"; };
		DA5830382211193C0044ED3B /* MBProgressHUD+Tip.m */ = {isa = PBXFileReference; fileEncoding = 4; lastKnownFileType = sourcecode.c.objc; path = "MBProgressHUD+Tip.m"; sourceTree = "<group>"; };
		DA5830392211193C0044ED3B /* MBProgressHUD+Tip.h */ = {isa = PBXFileReference; fileEncoding = 4; lastKnownFileType = sourcecode.c.h; path = "MBProgressHUD+Tip.h"; sourceTree = "<group>"; };
		DA583040221173FD0044ED3B /* WHLoginViewModel.h */ = {isa = PBXFileReference; lastKnownFileType = sourcecode.c.h; path = WHLoginViewModel.h; sourceTree = "<group>"; };
		DA583041221173FD0044ED3B /* WHLoginViewModel.m */ = {isa = PBXFileReference; lastKnownFileType = sourcecode.c.objc; path = WHLoginViewModel.m; sourceTree = "<group>"; };
		DA5830432211851A0044ED3B /* WHLoginViewController.h */ = {isa = PBXFileReference; lastKnownFileType = sourcecode.c.h; path = WHLoginViewController.h; sourceTree = "<group>"; };
		DA5830442211851A0044ED3B /* WHLoginViewController.m */ = {isa = PBXFileReference; lastKnownFileType = sourcecode.c.objc; path = WHLoginViewController.m; sourceTree = "<group>"; };
		DA5830452211851A0044ED3B /* WHLoginViewController.xib */ = {isa = PBXFileReference; lastKnownFileType = file.xib; path = WHLoginViewController.xib; sourceTree = "<group>"; };
		DA6E854821B6141500B2EB12 /* Demo.app */ = {isa = PBXFileReference; explicitFileType = wrapper.application; includeInIndex = 0; path = Demo.app; sourceTree = BUILT_PRODUCTS_DIR; };
		DA6E854B21B6141500B2EB12 /* AppDelegate.h */ = {isa = PBXFileReference; lastKnownFileType = sourcecode.c.h; path = AppDelegate.h; sourceTree = "<group>"; };
		DA6E854C21B6141500B2EB12 /* AppDelegate.m */ = {isa = PBXFileReference; lastKnownFileType = sourcecode.c.objc; path = AppDelegate.m; sourceTree = "<group>"; };
		DA6E854E21B6141500B2EB12 /* ViewController.h */ = {isa = PBXFileReference; lastKnownFileType = sourcecode.c.h; path = ViewController.h; sourceTree = "<group>"; };
		DA6E854F21B6141500B2EB12 /* ViewController.m */ = {isa = PBXFileReference; lastKnownFileType = sourcecode.c.objc; path = ViewController.m; sourceTree = "<group>"; };
		DA6E855221B6141500B2EB12 /* Base */ = {isa = PBXFileReference; lastKnownFileType = file.storyboard; name = Base; path = Base.lproj/Main.storyboard; sourceTree = "<group>"; };
		DA6E855421B6141600B2EB12 /* Assets.xcassets */ = {isa = PBXFileReference; lastKnownFileType = folder.assetcatalog; path = Assets.xcassets; sourceTree = "<group>"; };
		DA6E855721B6141600B2EB12 /* Base */ = {isa = PBXFileReference; lastKnownFileType = file.storyboard; name = Base; path = Base.lproj/LaunchScreen.storyboard; sourceTree = "<group>"; };
		DA6E855921B6141600B2EB12 /* Info.plist */ = {isa = PBXFileReference; lastKnownFileType = text.plist.xml; path = Info.plist; sourceTree = "<group>"; };
		DA6E855A21B6141600B2EB12 /* main.m */ = {isa = PBXFileReference; lastKnownFileType = sourcecode.c.objc; path = main.m; sourceTree = "<group>"; };
		DA6E856021B6141600B2EB12 /* DemoTests.xctest */ = {isa = PBXFileReference; explicitFileType = wrapper.cfbundle; includeInIndex = 0; path = DemoTests.xctest; sourceTree = BUILT_PRODUCTS_DIR; };
		DA6E856421B6141600B2EB12 /* DemoTests.m */ = {isa = PBXFileReference; lastKnownFileType = sourcecode.c.objc; path = DemoTests.m; sourceTree = "<group>"; };
		DA6E856621B6141600B2EB12 /* Info.plist */ = {isa = PBXFileReference; lastKnownFileType = text.plist.xml; path = Info.plist; sourceTree = "<group>"; };
		DA6E856B21B6141600B2EB12 /* DemoUITests.xctest */ = {isa = PBXFileReference; explicitFileType = wrapper.cfbundle; includeInIndex = 0; path = DemoUITests.xctest; sourceTree = BUILT_PRODUCTS_DIR; };
		DA6E856F21B6141600B2EB12 /* DemoUITests.m */ = {isa = PBXFileReference; lastKnownFileType = sourcecode.c.objc; path = DemoUITests.m; sourceTree = "<group>"; };
		DA6E857121B6141600B2EB12 /* Info.plist */ = {isa = PBXFileReference; lastKnownFileType = text.plist.xml; path = Info.plist; sourceTree = "<group>"; };
/* End PBXFileReference section */

/* Begin PBXFrameworksBuildPhase section */
		DA6E854521B6141500B2EB12 /* Frameworks */ = {
			isa = PBXFrameworksBuildPhase;
			buildActionMask = 2147483647;
			files = (
				B4336792474B962A8AC73C8F /* libPods-Demo.a in Frameworks */,
			);
			runOnlyForDeploymentPostprocessing = 0;
		};
		DA6E855D21B6141600B2EB12 /* Frameworks */ = {
			isa = PBXFrameworksBuildPhase;
			buildActionMask = 2147483647;
			files = (
				99939DB7D151EC3300B0A461 /* libPods-DemoTests.a in Frameworks */,
			);
			runOnlyForDeploymentPostprocessing = 0;
		};
		DA6E856821B6141600B2EB12 /* Frameworks */ = {
			isa = PBXFrameworksBuildPhase;
			buildActionMask = 2147483647;
			files = (
				858C2F6CB0441E0A3D94A634 /* libPods-DemoUITests.a in Frameworks */,
			);
			runOnlyForDeploymentPostprocessing = 0;
		};
/* End PBXFrameworksBuildPhase section */

/* Begin PBXGroup section */
		00FDCFE5C2BEA5C22B096CAC /* Frameworks */ = {
			isa = PBXGroup;
			children = (
				0F72AC30BACBA61EBF1327EB /* libPods-Demo.a */,
				2ED1BAEDF2886192D13B45B3 /* libPods-DemoTests.a */,
				264B77ADE68348B2C855AF64 /* libPods-DemoUITests.a */,
			);
			name = Frameworks;
			sourceTree = "<group>";
		};
		DA41B212220447DB0000C35B /* Base */ = {
			isa = PBXGroup;
			children = (
				DA41B219220449580000C35B /* Delegate */,
				DA41B216220449000000C35B /* TabbarController */,
				DA41B2172204490A0000C35B /* NavigationController */,
				DA41B215220448F90000C35B /* Controller */,
				DA41B214220448F30000C35B /* ViewModel */,
				DA41B2182204493A0000C35B /* View */,
				DA41B213220448EC0000C35B /* Model */,
			);
			path = Base;
			sourceTree = "<group>";
		};
		DA41B213220448EC0000C35B /* Model */ = {
			isa = PBXGroup;
			children = (
				DA41B22E22044DF50000C35B /* WHBaseModel.h */,
				DA41B22F22044DF50000C35B /* WHBaseModel.m */,
			);
			path = Model;
			sourceTree = "<group>";
		};
		DA41B214220448F30000C35B /* ViewModel */ = {
			isa = PBXGroup;
			children = (
				DA41B22B22044DEA0000C35B /* WHBaseViewModel.h */,
				DA41B22C22044DEA0000C35B /* WHBaseViewModel.m */,
				DA41B24822053CA70000C35B /* WHViewModelProtocol.h */,
			);
			path = ViewModel;
			sourceTree = "<group>";
		};
		DA41B215220448F90000C35B /* Controller */ = {
			isa = PBXGroup;
			children = (
				DA41B22822044DD60000C35B /* WHBaseViewController.h */,
				DA41B22922044DD60000C35B /* WHBaseViewController.m */,
				DA41B231220450A20000C35B /* WHViewControllerProtocol.h */,
				DA513A3A2223F37900484004 /* WHWebViewController.h */,
				DA513A3B2223F37900484004 /* WHWebViewController.m */,
			);
			path = Controller;
			sourceTree = "<group>";
		};
		DA41B216220449000000C35B /* TabbarController */ = {
			isa = PBXGroup;
			children = (
				DA41B22222044D940000C35B /* WHTabBarViewController.h */,
				DA41B22322044D940000C35B /* WHTabBarViewController.m */,
			);
			path = TabbarController;
			sourceTree = "<group>";
		};
		DA41B2172204490A0000C35B /* NavigationController */ = {
			isa = PBXGroup;
			children = (
				DA41B22522044DB10000C35B /* WHNavigationViewController.h */,
				DA41B22622044DB10000C35B /* WHNavigationViewController.m */,
			);
			path = NavigationController;
			sourceTree = "<group>";
		};
		DA41B2182204493A0000C35B /* View */ = {
			isa = PBXGroup;
			children = (
				DA41B249220541650000C35B /* WHBaseView.h */,
				DA41B24A220541650000C35B /* WHBaseView.m */,
				DA41B24C220541830000C35B /* WHViewProtocol.h */,
			);
			path = View;
			sourceTree = "<group>";
		};
		DA41B219220449580000C35B /* Delegate */ = {
			isa = PBXGroup;
			children = (
				DA6E854B21B6141500B2EB12 /* AppDelegate.h */,
				DA6E854C21B6141500B2EB12 /* AppDelegate.m */,
				DA41B21A220449960000C35B /* WHStartApp.h */,
				DA41B21B220449960000C35B /* WHStartApp.m */,
				DA41B21D22044A8C0000C35B /* WHThirdService.h */,
				DA41B21E22044A8C0000C35B /* WHThirdService.m */,
			);
			path = Delegate;
			sourceTree = "<group>";
		};
		DA41B232220451E50000C35B /* Classess */ = {
			isa = PBXGroup;
			children = (
				DA58303B221173880044ED3B /* Login */,
				DA41B212220447DB0000C35B /* Base */,
			);
			path = Classess;
			sourceTree = "<group>";
		};
		DA41B233220451F50000C35B /* Frameworks */ = {
			isa = PBXGroup;
			children = (
				DA41B234220452470000C35B /* Helpers */,
				DA41B235220452660000C35B /* Expand */,
				DA41B2372204527B0000C35B /* Public */,
				DA41B238220452830000C35B /* Vendor */,
			);
			path = Frameworks;
			sourceTree = "<group>";
		};
		DA41B234220452470000C35B /* Helpers */ = {
			isa = PBXGroup;
			children = (
			);
			path = Helpers;
			sourceTree = "<group>";
		};
		DA41B235220452660000C35B /* Expand */ = {
			isa = PBXGroup;
			children = (
				DA41B239220453B30000C35B /* Category */,
				DA41B23A220453C20000C35B /* Macros */,
				DA41B23B220453D30000C35B /* Constant */,
			);
			path = Expand;
			sourceTree = "<group>";
		};
		DA41B2372204527B0000C35B /* Public */ = {
			isa = PBXGroup;
			children = (
				DA513C9722268ED700484004 /* RefreshTool */,
				DA41B250220583EE0000C35B /* UserInfo */,
				DA41B23C220453F60000C35B /* View */,
			);
			path = Public;
			sourceTree = "<group>";
		};
		DA41B238220452830000C35B /* Vendor */ = {
			isa = PBXGroup;
			children = (
			);
			path = Vendor;
			sourceTree = "<group>";
		};
		DA41B239220453B30000C35B /* Category */ = {
			isa = PBXGroup;
			children = (
				DA5830372211193C0044ED3B /* MBProgressHUD */,
			);
			path = Category;
			sourceTree = "<group>";
		};
		DA41B23A220453C20000C35B /* Macros */ = {
			isa = PBXGroup;
			children = (
				DA41B23E220454C50000C35B /* WHMacros.h */,
			);
			path = Macros;
			sourceTree = "<group>";
		};
		DA41B23B220453D30000C35B /* Constant */ = {
			isa = PBXGroup;
			children = (
				DA41B23F220455080000C35B /* WHEnum.h */,
				DA41B2402204551E0000C35B /* WHColors.h */,
				DA41B241220455390000C35B /* WHUrls.h */,
				DA41B244220455750000C35B /* WHConstant.h */,
				DA41B242220455630000C35B /* WHConstant.m */,
			);
			path = Constant;
			sourceTree = "<group>";
		};
		DA41B23C220453F60000C35B /* View */ = {
			isa = PBXGroup;
			children = (
			);
			path = View;
			sourceTree = "<group>";
		};
		DA41B250220583EE0000C35B /* UserInfo */ = {
			isa = PBXGroup;
			children = (
				DA41B251220584180000C35B /* WHUser.h */,
				DA41B252220584180000C35B /* WHUser.m */,
				DA41B254220585E60000C35B /* WHUserManager.h */,
				DA41B255220585E60000C35B /* WHUserManager.m */,
			);
			path = UserInfo;
			sourceTree = "<group>";
		};
		DA513C9722268ED700484004 /* RefreshTool */ = {
			isa = PBXGroup;
			children = (
				DA513C9822268EF600484004 /* WHRefreshTool.h */,
				DA513C9922268EF600484004 /* WHRefreshTool.m */,
			);
			path = RefreshTool;
			sourceTree = "<group>";
		};
		DA5830372211193C0044ED3B /* MBProgressHUD */ = {
			isa = PBXGroup;
			children = (
				DA5830392211193C0044ED3B /* MBProgressHUD+Tip.h */,
				DA5830382211193C0044ED3B /* MBProgressHUD+Tip.m */,
			);
			path = MBProgressHUD;
			sourceTree = "<group>";
		};
		DA58303B221173880044ED3B /* Login */ = {
			isa = PBXGroup;
			children = (
				DA58303F221173C30044ED3B /* Controller */,
				DA58303E221173C30044ED3B /* Model */,
				DA58303D221173C30044ED3B /* View */,
				DA58303C221173C30044ED3B /* ViewModel */,
			);
			path = Login;
			sourceTree = "<group>";
		};
		DA58303C221173C30044ED3B /* ViewModel */ = {
			isa = PBXGroup;
			children = (
				DA583040221173FD0044ED3B /* WHLoginViewModel.h */,
				DA583041221173FD0044ED3B /* WHLoginViewModel.m */,
			);
			path = ViewModel;
			sourceTree = "<group>";
		};
		DA58303D221173C30044ED3B /* View */ = {
			isa = PBXGroup;
			children = (
			);
			path = View;
			sourceTree = "<group>";
		};
		DA58303E221173C30044ED3B /* Model */ = {
			isa = PBXGroup;
			children = (
			);
			path = Model;
			sourceTree = "<group>";
		};
		DA58303F221173C30044ED3B /* Controller */ = {
			isa = PBXGroup;
			children = (
				DA5830432211851A0044ED3B /* WHLoginViewController.h */,
				DA5830442211851A0044ED3B /* WHLoginViewController.m */,
				DA5830452211851A0044ED3B /* WHLoginViewController.xib */,
			);
			path = Controller;
			sourceTree = "<group>";
		};
		DA6E853F21B6141500B2EB12 = {
			isa = PBXGroup;
			children = (
				DA41B22022044AFF0000C35B /* Default-568h@2x.png */,
				DA6E854A21B6141500B2EB12 /* Demo */,
				DA6E856321B6141600B2EB12 /* DemoTests */,
				DA6E856E21B6141600B2EB12 /* DemoUITests */,
				DA6E854921B6141500B2EB12 /* Products */,
				E2416F7DC1313BE9A89CA6EF /* Pods */,
				00FDCFE5C2BEA5C22B096CAC /* Frameworks */,
			);
			sourceTree = "<group>";
		};
		DA6E854921B6141500B2EB12 /* Products */ = {
			isa = PBXGroup;
			children = (
				DA6E854821B6141500B2EB12 /* Demo.app */,
				DA6E856021B6141600B2EB12 /* DemoTests.xctest */,
				DA6E856B21B6141600B2EB12 /* DemoUITests.xctest */,
			);
			name = Products;
			sourceTree = "<group>";
		};
		DA6E854A21B6141500B2EB12 /* Demo */ = {
			isa = PBXGroup;
			children = (
				DA41B233220451F50000C35B /* Frameworks */,
				DA41B232220451E50000C35B /* Classess */,
				DA6E857D21B614D900B2EB12 /* Resources */,
			);
			path = Demo;
			sourceTree = "<group>";
		};
		DA6E856321B6141600B2EB12 /* DemoTests */ = {
			isa = PBXGroup;
			children = (
				DA6E856421B6141600B2EB12 /* DemoTests.m */,
				DA6E856621B6141600B2EB12 /* Info.plist */,
			);
			path = DemoTests;
			sourceTree = "<group>";
		};
		DA6E856E21B6141600B2EB12 /* DemoUITests */ = {
			isa = PBXGroup;
			children = (
				DA6E856F21B6141600B2EB12 /* DemoUITests.m */,
				DA6E857121B6141600B2EB12 /* Info.plist */,
			);
			path = DemoUITests;
			sourceTree = "<group>";
		};
		DA6E857D21B614D900B2EB12 /* Resources */ = {
			isa = PBXGroup;
			children = (
				DA6E854E21B6141500B2EB12 /* ViewController.h */,
				DA6E854F21B6141500B2EB12 /* ViewController.m */,
				DA6E855121B6141500B2EB12 /* Main.storyboard */,
				DA6E855621B6141600B2EB12 /* LaunchScreen.storyboard */,
				DA6E855921B6141600B2EB12 /* Info.plist */,
				DA6E855A21B6141600B2EB12 /* main.m */,
				DA6E855421B6141600B2EB12 /* Assets.xcassets */,
				DA41B23D220454200000C35B /* PrefixHeader.pch */,
			);
			path = Resources;
			sourceTree = "<group>";
		};
		E2416F7DC1313BE9A89CA6EF /* Pods */ = {
			isa = PBXGroup;
			children = (
				AC3E3C5C36D75E7F55F35042 /* Pods-Demo.debug.xcconfig */,
				3D69A1E587CF92C136FAD558 /* Pods-Demo.release.xcconfig */,
				D70E15A6D8793B39328408A9 /* Pods-DemoTests.debug.xcconfig */,
				9B45EE8694B6A93F1CECBB47 /* Pods-DemoTests.release.xcconfig */,
				35F6AFCD75754242EF405C2A /* Pods-DemoUITests.debug.xcconfig */,
				23A558F6423FFBD41753DCEA /* Pods-DemoUITests.release.xcconfig */,
			);
			name = Pods;
			sourceTree = "<group>";
		};
/* End PBXGroup section */

/* Begin PBXNativeTarget section */
		DA6E854721B6141500B2EB12 /* Demo */ = {
			isa = PBXNativeTarget;
			buildConfigurationList = DA6E857421B6141600B2EB12 /* Build configuration list for PBXNativeTarget "Demo" */;
			buildPhases = (
				4051671613F795001CA4C463 /* [CP] Check Pods Manifest.lock */,
				DA6E854421B6141500B2EB12 /* Sources */,
				DA6E854521B6141500B2EB12 /* Frameworks */,
				DA6E854621B6141500B2EB12 /* Resources */,
				3292A08D0DCFE29D8DA3B20E /* [CP] Copy Pods Resources */,
			);
			buildRules = (
			);
			dependencies = (
			);
			name = Demo;
			productName = Demo;
			productReference = DA6E854821B6141500B2EB12 /* Demo.app */;
			productType = "com.apple.product-type.application";
		};
		DA6E855F21B6141600B2EB12 /* DemoTests */ = {
			isa = PBXNativeTarget;
			buildConfigurationList = DA6E857721B6141600B2EB12 /* Build configuration list for PBXNativeTarget "DemoTests" */;
			buildPhases = (
				1AAC5DBB040487213DC69EAF /* [CP] Check Pods Manifest.lock */,
				DA6E855C21B6141600B2EB12 /* Sources */,
				DA6E855D21B6141600B2EB12 /* Frameworks */,
				DA6E855E21B6141600B2EB12 /* Resources */,
			);
			buildRules = (
			);
			dependencies = (
				DA6E856221B6141600B2EB12 /* PBXTargetDependency */,
			);
			name = DemoTests;
			productName = DemoTests;
			productReference = DA6E856021B6141600B2EB12 /* DemoTests.xctest */;
			productType = "com.apple.product-type.bundle.unit-test";
		};
		DA6E856A21B6141600B2EB12 /* DemoUITests */ = {
			isa = PBXNativeTarget;
			buildConfigurationList = DA6E857A21B6141600B2EB12 /* Build configuration list for PBXNativeTarget "DemoUITests" */;
			buildPhases = (
				9815229748AC6B31C4FA1476 /* [CP] Check Pods Manifest.lock */,
				DA6E856721B6141600B2EB12 /* Sources */,
				DA6E856821B6141600B2EB12 /* Frameworks */,
				DA6E856921B6141600B2EB12 /* Resources */,
			);
			buildRules = (
			);
			dependencies = (
				DA6E856D21B6141600B2EB12 /* PBXTargetDependency */,
			);
			name = DemoUITests;
			productName = DemoUITests;
			productReference = DA6E856B21B6141600B2EB12 /* DemoUITests.xctest */;
			productType = "com.apple.product-type.bundle.ui-testing";
		};
/* End PBXNativeTarget section */

/* Begin PBXProject section */
		DA6E854021B6141500B2EB12 /* Project object */ = {
			isa = PBXProject;
			attributes = {
				CLASSPREFIX = WH;
				LastUpgradeCheck = 1010;
				ORGANIZATIONNAME = zero;
				TargetAttributes = {
					DA6E854721B6141500B2EB12 = {
						CreatedOnToolsVersion = 10.1;
					};
					DA6E855F21B6141600B2EB12 = {
						CreatedOnToolsVersion = 10.1;
						TestTargetID = DA6E854721B6141500B2EB12;
					};
					DA6E856A21B6141600B2EB12 = {
						CreatedOnToolsVersion = 10.1;
						TestTargetID = DA6E854721B6141500B2EB12;
					};
				};
			};
			buildConfigurationList = DA6E854321B6141500B2EB12 /* Build configuration list for PBXProject "Demo" */;
			compatibilityVersion = "Xcode 9.3";
			developmentRegion = en;
			hasScannedForEncodings = 0;
			knownRegions = (
				en,
				Base,
			);
			mainGroup = DA6E853F21B6141500B2EB12;
			productRefGroup = DA6E854921B6141500B2EB12 /* Products */;
			projectDirPath = "";
			projectRoot = "";
			targets = (
				DA6E854721B6141500B2EB12 /* Demo */,
				DA6E855F21B6141600B2EB12 /* DemoTests */,
				DA6E856A21B6141600B2EB12 /* DemoUITests */,
			);
		};
/* End PBXProject section */

/* Begin PBXResourcesBuildPhase section */
		DA6E854621B6141500B2EB12 /* Resources */ = {
			isa = PBXResourcesBuildPhase;
			buildActionMask = 2147483647;
			files = (
				DA6E855821B6141600B2EB12 /* LaunchScreen.storyboard in Resources */,
				DA41B22122044AFF0000C35B /* Default-568h@2x.png in Resources */,
				DA6E855521B6141600B2EB12 /* Assets.xcassets in Resources */,
				DA6E855321B6141500B2EB12 /* Main.storyboard in Resources */,
				DA5830472211851A0044ED3B /* WHLoginViewController.xib in Resources */,
			);
			runOnlyForDeploymentPostprocessing = 0;
		};
		DA6E855E21B6141600B2EB12 /* Resources */ = {
			isa = PBXResourcesBuildPhase;
			buildActionMask = 2147483647;
			files = (
			);
			runOnlyForDeploymentPostprocessing = 0;
		};
		DA6E856921B6141600B2EB12 /* Resources */ = {
			isa = PBXResourcesBuildPhase;
			buildActionMask = 2147483647;
			files = (
			);
			runOnlyForDeploymentPostprocessing = 0;
		};
/* End PBXResourcesBuildPhase section */

/* Begin PBXShellScriptBuildPhase section */
		1AAC5DBB040487213DC69EAF /* [CP] Check Pods Manifest.lock */ = {
			isa = PBXShellScriptBuildPhase;
			buildActionMask = 2147483647;
			files = (
			);
			inputPaths = (
				"${PODS_PODFILE_DIR_PATH}/Podfile.lock",
				"${PODS_ROOT}/Manifest.lock",
			);
			name = "[CP] Check Pods Manifest.lock";
			outputPaths = (
				"$(DERIVED_FILE_DIR)/Pods-DemoTests-checkManifestLockResult.txt",
			);
			runOnlyForDeploymentPostprocessing = 0;
			shellPath = /bin/sh;
			shellScript = "diff \"${PODS_PODFILE_DIR_PATH}/Podfile.lock\" \"${PODS_ROOT}/Manifest.lock\" > /dev/null\nif [ $? != 0 ] ; then\n    # print error to STDERR\n    echo \"error: The sandbox is not in sync with the Podfile.lock. Run 'pod install' or update your CocoaPods installation.\" >&2\n    exit 1\nfi\n# This output is used by Xcode 'outputs' to avoid re-running this script phase.\necho \"SUCCESS\" > \"${SCRIPT_OUTPUT_FILE_0}\"\n";
			showEnvVarsInLog = 0;
		};
		3292A08D0DCFE29D8DA3B20E /* [CP] Copy Pods Resources */ = {
			isa = PBXShellScriptBuildPhase;
			buildActionMask = 2147483647;
			files = (
			);
			inputFileListPaths = (
			);
			inputPaths = (
				"${PODS_ROOT}/Target Support Files/Pods-Demo/Pods-Demo-resources.sh",
				"${PODS_ROOT}/IQKeyboardManager/IQKeyboardManager/Resources/IQKeyboardManager.bundle",
				"${PODS_ROOT}/MJRefresh/MJRefresh/MJRefresh.bundle",
			);
			name = "[CP] Copy Pods Resources";
			outputFileListPaths = (
			);
			outputPaths = (
				"${TARGET_BUILD_DIR}/${UNLOCALIZED_RESOURCES_FOLDER_PATH}/IQKeyboardManager.bundle",
				"${TARGET_BUILD_DIR}/${UNLOCALIZED_RESOURCES_FOLDER_PATH}/MJRefresh.bundle",
			);
			runOnlyForDeploymentPostprocessing = 0;
			shellPath = /bin/sh;
			shellScript = "\"${PODS_ROOT}/Target Support Files/Pods-Demo/Pods-Demo-resources.sh\"\n";
			showEnvVarsInLog = 0;
		};
		4051671613F795001CA4C463 /* [CP] Check Pods Manifest.lock */ = {
			isa = PBXShellScriptBuildPhase;
			buildActionMask = 2147483647;
			files = (
			);
			inputPaths = (
				"${PODS_PODFILE_DIR_PATH}/Podfile.lock",
				"${PODS_ROOT}/Manifest.lock",
			);
			name = "[CP] Check Pods Manifest.lock";
			outputPaths = (
				"$(DERIVED_FILE_DIR)/Pods-Demo-checkManifestLockResult.txt",
			);
			runOnlyForDeploymentPostprocessing = 0;
			shellPath = /bin/sh;
			shellScript = "diff \"${PODS_PODFILE_DIR_PATH}/Podfile.lock\" \"${PODS_ROOT}/Manifest.lock\" > /dev/null\nif [ $? != 0 ] ; then\n    # print error to STDERR\n    echo \"error: The sandbox is not in sync with the Podfile.lock. Run 'pod install' or update your CocoaPods installation.\" >&2\n    exit 1\nfi\n# This output is used by Xcode 'outputs' to avoid re-running this script phase.\necho \"SUCCESS\" > \"${SCRIPT_OUTPUT_FILE_0}\"\n";
			showEnvVarsInLog = 0;
		};
		9815229748AC6B31C4FA1476 /* [CP] Check Pods Manifest.lock */ = {
			isa = PBXShellScriptBuildPhase;
			buildActionMask = 2147483647;
			files = (
			);
			inputPaths = (
				"${PODS_PODFILE_DIR_PATH}/Podfile.lock",
				"${PODS_ROOT}/Manifest.lock",
			);
			name = "[CP] Check Pods Manifest.lock";
			outputPaths = (
				"$(DERIVED_FILE_DIR)/Pods-DemoUITests-checkManifestLockResult.txt",
			);
			runOnlyForDeploymentPostprocessing = 0;
			shellPath = /bin/sh;
			shellScript = "diff \"${PODS_PODFILE_DIR_PATH}/Podfile.lock\" \"${PODS_ROOT}/Manifest.lock\" > /dev/null\nif [ $? != 0 ] ; then\n    # print error to STDERR\n    echo \"error: The sandbox is not in sync with the Podfile.lock. Run 'pod install' or update your CocoaPods installation.\" >&2\n    exit 1\nfi\n# This output is used by Xcode 'outputs' to avoid re-running this script phase.\necho \"SUCCESS\" > \"${SCRIPT_OUTPUT_FILE_0}\"\n";
			showEnvVarsInLog = 0;
		};
/* End PBXShellScriptBuildPhase section */

/* Begin PBXSourcesBuildPhase section */
		DA6E854421B6141500B2EB12 /* Sources */ = {
			isa = PBXSourcesBuildPhase;
			buildActionMask = 2147483647;
			files = (
				DA41B24B220541650000C35B /* WHBaseView.m in Sources */,
				DA583042221173FD0044ED3B /* WHLoginViewModel.m in Sources */,
				DA41B21F22044A8C0000C35B /* WHThirdService.m in Sources */,
				DA41B23022044DF50000C35B /* WHBaseModel.m in Sources */,
				DA41B243220455630000C35B /* WHConstant.m in Sources */,
				DA41B253220584180000C35B /* WHUser.m in Sources */,
				DA41B256220585E60000C35B /* WHUserManager.m in Sources */,
				DA6E855021B6141500B2EB12 /* ViewController.m in Sources */,
				DA513A3C2223F37900484004 /* WHWebViewController.m in Sources */,
				DA41B22A22044DD60000C35B /* WHBaseViewController.m in Sources */,
				DA41B21C220449960000C35B /* WHStartApp.m in Sources */,
				DA41B22722044DB10000C35B /* WHNavigationViewController.m in Sources */,
				DA58303A2211193C0044ED3B /* MBProgressHUD+Tip.m in Sources */,
				DA6E855B21B6141600B2EB12 /* main.m in Sources */,
				DA6E854D21B6141500B2EB12 /* AppDelegate.m in Sources */,
				DA5830462211851A0044ED3B /* WHLoginViewController.m in Sources */,
				DA41B22422044D940000C35B /* WHTabBarViewController.m in Sources */,
				DA513C9A22268EF600484004 /* WHRefreshTool.m in Sources */,
				DA41B22D22044DEA0000C35B /* WHBaseViewModel.m in Sources */,
			);
			runOnlyForDeploymentPostprocessing = 0;
		};
		DA6E855C21B6141600B2EB12 /* Sources */ = {
			isa = PBXSourcesBuildPhase;
			buildActionMask = 2147483647;
			files = (
				DA6E856521B6141600B2EB12 /* DemoTests.m in Sources */,
			);
			runOnlyForDeploymentPostprocessing = 0;
		};
		DA6E856721B6141600B2EB12 /* Sources */ = {
			isa = PBXSourcesBuildPhase;
			buildActionMask = 2147483647;
			files = (
				DA6E857021B6141600B2EB12 /* DemoUITests.m in Sources */,
			);
			runOnlyForDeploymentPostprocessing = 0;
		};
/* End PBXSourcesBuildPhase section */

/* Begin PBXTargetDependency section */
		DA6E856221B6141600B2EB12 /* PBXTargetDependency */ = {
			isa = PBXTargetDependency;
			target = DA6E854721B6141500B2EB12 /* Demo */;
			targetProxy = DA6E856121B6141600B2EB12 /* PBXContainerItemProxy */;
		};
		DA6E856D21B6141600B2EB12 /* PBXTargetDependency */ = {
			isa = PBXTargetDependency;
			target = DA6E854721B6141500B2EB12 /* Demo */;
			targetProxy = DA6E856C21B6141600B2EB12 /* PBXContainerItemProxy */;
		};
/* End PBXTargetDependency section */

/* Begin PBXVariantGroup section */
		DA6E855121B6141500B2EB12 /* Main.storyboard */ = {
			isa = PBXVariantGroup;
			children = (
				DA6E855221B6141500B2EB12 /* Base */,
			);
			name = Main.storyboard;
			sourceTree = "<group>";
		};
		DA6E855621B6141600B2EB12 /* LaunchScreen.storyboard */ = {
			isa = PBXVariantGroup;
			children = (
				DA6E855721B6141600B2EB12 /* Base */,
			);
			name = LaunchScreen.storyboard;
			sourceTree = "<group>";
		};
/* End PBXVariantGroup section */

/* Begin XCBuildConfiguration section */
		DA6E857221B6141600B2EB12 /* Debug */ = {
			isa = XCBuildConfiguration;
			buildSettings = {
				ALWAYS_SEARCH_USER_PATHS = NO;
				CLANG_ANALYZER_NONNULL = YES;
				CLANG_ANALYZER_NUMBER_OBJECT_CONVERSION = YES_AGGRESSIVE;
				CLANG_CXX_LANGUAGE_STANDARD = "gnu++14";
				CLANG_CXX_LIBRARY = "libc++";
				CLANG_ENABLE_MODULES = YES;
				CLANG_ENABLE_OBJC_ARC = YES;
				CLANG_ENABLE_OBJC_WEAK = YES;
				CLANG_WARN_BLOCK_CAPTURE_AUTORELEASING = YES;
				CLANG_WARN_BOOL_CONVERSION = YES;
				CLANG_WARN_COMMA = YES;
				CLANG_WARN_CONSTANT_CONVERSION = YES;
				CLANG_WARN_DEPRECATED_OBJC_IMPLEMENTATIONS = YES;
				CLANG_WARN_DIRECT_OBJC_ISA_USAGE = YES_ERROR;
				CLANG_WARN_DOCUMENTATION_COMMENTS = YES;
				CLANG_WARN_EMPTY_BODY = YES;
				CLANG_WARN_ENUM_CONVERSION = YES;
				CLANG_WARN_INFINITE_RECURSION = YES;
				CLANG_WARN_INT_CONVERSION = YES;
				CLANG_WARN_NON_LITERAL_NULL_CONVERSION = YES;
				CLANG_WARN_OBJC_IMPLICIT_RETAIN_SELF = YES;
				CLANG_WARN_OBJC_LITERAL_CONVERSION = YES;
				CLANG_WARN_OBJC_ROOT_CLASS = YES_ERROR;
				CLANG_WARN_RANGE_LOOP_ANALYSIS = YES;
				CLANG_WARN_STRICT_PROTOTYPES = YES;
				CLANG_WARN_SUSPICIOUS_MOVE = YES;
				CLANG_WARN_UNGUARDED_AVAILABILITY = YES_AGGRESSIVE;
				CLANG_WARN_UNREACHABLE_CODE = YES;
				CLANG_WARN__DUPLICATE_METHOD_MATCH = YES;
				CODE_SIGN_IDENTITY = "iPhone Developer";
				COPY_PHASE_STRIP = NO;
				DEBUG_INFORMATION_FORMAT = dwarf;
				ENABLE_STRICT_OBJC_MSGSEND = YES;
				ENABLE_TESTABILITY = YES;
				GCC_C_LANGUAGE_STANDARD = gnu11;
				GCC_DYNAMIC_NO_PIC = NO;
				GCC_NO_COMMON_BLOCKS = YES;
				GCC_OPTIMIZATION_LEVEL = 0;
				GCC_PREPROCESSOR_DEFINITIONS = (
					"DEBUG=1",
					"$(inherited)",
				);
				GCC_WARN_64_TO_32_BIT_CONVERSION = YES;
				GCC_WARN_ABOUT_RETURN_TYPE = YES_ERROR;
				GCC_WARN_UNDECLARED_SELECTOR = YES;
				GCC_WARN_UNINITIALIZED_AUTOS = YES_AGGRESSIVE;
				GCC_WARN_UNUSED_FUNCTION = YES;
				GCC_WARN_UNUSED_VARIABLE = YES;
				IPHONEOS_DEPLOYMENT_TARGET = 12.1;
				MTL_ENABLE_DEBUG_INFO = INCLUDE_SOURCE;
				MTL_FAST_MATH = YES;
				ONLY_ACTIVE_ARCH = YES;
				SDKROOT = iphoneos;
			};
			name = Debug;
		};
		DA6E857321B6141600B2EB12 /* Release */ = {
			isa = XCBuildConfiguration;
			buildSettings = {
				ALWAYS_SEARCH_USER_PATHS = NO;
				CLANG_ANALYZER_NONNULL = YES;
				CLANG_ANALYZER_NUMBER_OBJECT_CONVERSION = YES_AGGRESSIVE;
				CLANG_CXX_LANGUAGE_STANDARD = "gnu++14";
				CLANG_CXX_LIBRARY = "libc++";
				CLANG_ENABLE_MODULES = YES;
				CLANG_ENABLE_OBJC_ARC = YES;
				CLANG_ENABLE_OBJC_WEAK = YES;
				CLANG_WARN_BLOCK_CAPTURE_AUTORELEASING = YES;
				CLANG_WARN_BOOL_CONVERSION = YES;
				CLANG_WARN_COMMA = YES;
				CLANG_WARN_CONSTANT_CONVERSION = YES;
				CLANG_WARN_DEPRECATED_OBJC_IMPLEMENTATIONS = YES;
				CLANG_WARN_DIRECT_OBJC_ISA_USAGE = YES_ERROR;
				CLANG_WARN_DOCUMENTATION_COMMENTS = YES;
				CLANG_WARN_EMPTY_BODY = YES;
				CLANG_WARN_ENUM_CONVERSION = YES;
				CLANG_WARN_INFINITE_RECURSION = YES;
				CLANG_WARN_INT_CONVERSION = YES;
				CLANG_WARN_NON_LITERAL_NULL_CONVERSION = YES;
				CLANG_WARN_OBJC_IMPLICIT_RETAIN_SELF = YES;
				CLANG_WARN_OBJC_LITERAL_CONVERSION = YES;
				CLANG_WARN_OBJC_ROOT_CLASS = YES_ERROR;
				CLANG_WARN_RANGE_LOOP_ANALYSIS = YES;
				CLANG_WARN_STRICT_PROTOTYPES = YES;
				CLANG_WARN_SUSPICIOUS_MOVE = YES;
				CLANG_WARN_UNGUARDED_AVAILABILITY = YES_AGGRESSIVE;
				CLANG_WARN_UNREACHABLE_CODE = YES;
				CLANG_WARN__DUPLICATE_METHOD_MATCH = YES;
				CODE_SIGN_IDENTITY = "iPhone Developer";
				COPY_PHASE_STRIP = NO;
				DEBUG_INFORMATION_FORMAT = "dwarf-with-dsym";
				ENABLE_NS_ASSERTIONS = NO;
				ENABLE_STRICT_OBJC_MSGSEND = YES;
				GCC_C_LANGUAGE_STANDARD = gnu11;
				GCC_NO_COMMON_BLOCKS = YES;
				GCC_WARN_64_TO_32_BIT_CONVERSION = YES;
				GCC_WARN_ABOUT_RETURN_TYPE = YES_ERROR;
				GCC_WARN_UNDECLARED_SELECTOR = YES;
				GCC_WARN_UNINITIALIZED_AUTOS = YES_AGGRESSIVE;
				GCC_WARN_UNUSED_FUNCTION = YES;
				GCC_WARN_UNUSED_VARIABLE = YES;
				IPHONEOS_DEPLOYMENT_TARGET = 12.1;
				MTL_ENABLE_DEBUG_INFO = NO;
				MTL_FAST_MATH = YES;
				SDKROOT = iphoneos;
				VALIDATE_PRODUCT = YES;
			};
			name = Release;
		};
		DA6E857521B6141600B2EB12 /* Debug */ = {
			isa = XCBuildConfiguration;
			baseConfigurationReference = AC3E3C5C36D75E7F55F35042 /* Pods-Demo.debug.xcconfig */;
			buildSettings = {
				ASSETCATALOG_COMPILER_APPICON_NAME = AppIcon;
				CODE_SIGN_STYLE = Automatic;
				DEVELOPMENT_TEAM = 9AS65QKHW6;
				GCC_PREFIX_HEADER = "${SRCROOT}/Demo/Resources/PrefixHeader.pch";
				INFOPLIST_FILE = "$(SRCROOT)/Demo/Resources/Info.plist";
				IPHONEOS_DEPLOYMENT_TARGET = 9.0;
				LD_RUNPATH_SEARCH_PATHS = (
					"$(inherited)",
					"@executable_path/Frameworks",
				);
				PRODUCT_BUNDLE_IDENTIFIER = www.wonder.Demo;
				PRODUCT_NAME = "$(TARGET_NAME)";
				TARGETED_DEVICE_FAMILY = "1,2";
			};
			name = Debug;
		};
		DA6E857621B6141600B2EB12 /* Release */ = {
			isa = XCBuildConfiguration;
			baseConfigurationReference = 3D69A1E587CF92C136FAD558 /* Pods-Demo.release.xcconfig */;
			buildSettings = {
				ASSETCATALOG_COMPILER_APPICON_NAME = AppIcon;
				CODE_SIGN_STYLE = Automatic;
				DEVELOPMENT_TEAM = 9AS65QKHW6;
				GCC_PREFIX_HEADER = "${SRCROOT}/Demo/Resources/PrefixHeader.pch";
				INFOPLIST_FILE = "$(SRCROOT)/Demo/Resources/Info.plist";
				IPHONEOS_DEPLOYMENT_TARGET = 9.0;
				LD_RUNPATH_SEARCH_PATHS = (
					"$(inherited)",
					"@executable_path/Frameworks",
				);
				PRODUCT_BUNDLE_IDENTIFIER = www.wonder.Demo;
				PRODUCT_NAME = "$(TARGET_NAME)";
				TARGETED_DEVICE_FAMILY = "1,2";
			};
			name = Release;
		};
		DA6E857821B6141600B2EB12 /* Debug */ = {
			isa = XCBuildConfiguration;
			baseConfigurationReference = D70E15A6D8793B39328408A9 /* Pods-DemoTests.debug.xcconfig */;
			buildSettings = {
				BUNDLE_LOADER = "$(TEST_HOST)";
				CODE_SIGN_STYLE = Automatic;
				DEVELOPMENT_TEAM = 9AS65QKHW6;
				INFOPLIST_FILE = DemoTests/Info.plist;
				LD_RUNPATH_SEARCH_PATHS = (
					"$(inherited)",
					"@executable_path/Frameworks",
					"@loader_path/Frameworks",
				);
				PRODUCT_BUNDLE_IDENTIFIER = www.wonder.diandian.DemoTests;
				PRODUCT_NAME = "$(TARGET_NAME)";
				TARGETED_DEVICE_FAMILY = "1,2";
				TEST_HOST = "$(BUILT_PRODUCTS_DIR)/Demo.app/Demo";
			};
			name = Debug;
		};
		DA6E857921B6141600B2EB12 /* Release */ = {
			isa = XCBuildConfiguration;
			baseConfigurationReference = 9B45EE8694B6A93F1CECBB47 /* Pods-DemoTests.release.xcconfig */;
			buildSettings = {
				BUNDLE_LOADER = "$(TEST_HOST)";
				CODE_SIGN_STYLE = Automatic;
				DEVELOPMENT_TEAM = 9AS65QKHW6;
				INFOPLIST_FILE = DemoTests/Info.plist;
				LD_RUNPATH_SEARCH_PATHS = (
					"$(inherited)",
					"@executable_path/Frameworks",
					"@loader_path/Frameworks",
				);
				PRODUCT_BUNDLE_IDENTIFIER = www.wonder.diandian.DemoTests;
				PRODUCT_NAME = "$(TARGET_NAME)";
				TARGETED_DEVICE_FAMILY = "1,2";
				TEST_HOST = "$(BUILT_PRODUCTS_DIR)/Demo.app/Demo";
			};
			name = Release;
		};
		DA6E857B21B6141600B2EB12 /* Debug */ = {
			isa = XCBuildConfiguration;
			baseConfigurationReference = 35F6AFCD75754242EF405C2A /* Pods-DemoUITests.debug.xcconfig */;
			buildSettings = {
				CODE_SIGN_STYLE = Automatic;
				DEVELOPMENT_TEAM = 9AS65QKHW6;
				INFOPLIST_FILE = DemoUITests/Info.plist;
				LD_RUNPATH_SEARCH_PATHS = (
					"$(inherited)",
					"@executable_path/Frameworks",
					"@loader_path/Frameworks",
				);
				PRODUCT_BUNDLE_IDENTIFIER = www.wonder.diandian.DemoUITests;
				PRODUCT_NAME = "$(TARGET_NAME)";
				TARGETED_DEVICE_FAMILY = "1,2";
				TEST_TARGET_NAME = Demo;
			};
			name = Debug;
		};
		DA6E857C21B6141600B2EB12 /* Release */ = {
			isa = XCBuildConfiguration;
			baseConfigurationReference = 23A558F6423FFBD41753DCEA /* Pods-DemoUITests.release.xcconfig */;
			buildSettings = {
				CODE_SIGN_STYLE = Automatic;
				DEVELOPMENT_TEAM = 9AS65QKHW6;
				INFOPLIST_FILE = DemoUITests/Info.plist;
				LD_RUNPATH_SEARCH_PATHS = (
					"$(inherited)",
					"@executable_path/Frameworks",
					"@loader_path/Frameworks",
				);
				PRODUCT_BUNDLE_IDENTIFIER = www.wonder.diandian.DemoUITests;
				PRODUCT_NAME = "$(TARGET_NAME)";
				TARGETED_DEVICE_FAMILY = "1,2";
				TEST_TARGET_NAME = Demo;
			};
			name = Release;
		};
/* End XCBuildConfiguration section */

/* Begin XCConfigurationList section */
		DA6E854321B6141500B2EB12 /* Build configuration list for PBXProject "Demo" */ = {
			isa = XCConfigurationList;
			buildConfigurations = (
				DA6E857221B6141600B2EB12 /* Debug */,
				DA6E857321B6141600B2EB12 /* Release */,
			);
			defaultConfigurationIsVisible = 0;
			defaultConfigurationName = Release;
		};
		DA6E857421B6141600B2EB12 /* Build configuration list for PBXNativeTarget "Demo" */ = {
			isa = XCConfigurationList;
			buildConfigurations = (
				DA6E857521B6141600B2EB12 /* Debug */,
				DA6E857621B6141600B2EB12 /* Release */,
			);
			defaultConfigurationIsVisible = 0;
			defaultConfigurationName = Release;
		};
		DA6E857721B6141600B2EB12 /* Build configuration list for PBXNativeTarget "DemoTests" */ = {
			isa = XCConfigurationList;
			buildConfigurations = (
				DA6E857821B6141600B2EB12 /* Debug */,
				DA6E857921B6141600B2EB12 /* Release */,
			);
			defaultConfigurationIsVisible = 0;
			defaultConfigurationName = Release;
		};
		DA6E857A21B6141600B2EB12 /* Build configuration list for PBXNativeTarget "DemoUITests" */ = {
			isa = XCConfigurationList;
			buildConfigurations = (
				DA6E857B21B6141600B2EB12 /* Debug */,
				DA6E857C21B6141600B2EB12 /* Release */,
			);
			defaultConfigurationIsVisible = 0;
			defaultConfigurationName = Release;
		};
/* End XCConfigurationList section */
	};
	rootObject = DA6E854021B6141500B2EB12 /* Project object */;
}
